# This file was autogenerated by uv via the following command:
#    uv pip compile pyproject.toml --extra api --python-version 3.13 -o services/api_service/requirements.lock
aiofiles==25.1.0
    # via video-transcriber-backend (pyproject.toml)
alembic==1.18.5
    # via video-transcriber-backend (pyproject.toml)
annotated-doc==0.0.5
    # via fastapi
annotated-types==0.8.0
    # via pydantic
anyio==4.14.2
    # via starlette
click==8.4.2
    # via uvicorn
fastapi==0.141.1
    # via video-transcriber-backend (pyproject.toml)
h11==0.16.0
    # via uvicorn
idna==3.18
    # via anyio
mako==1.3.12
    # via alembic
markupsafe==3.0.3
    # via mako
psycopg==3.3.4
    # via video-transcriber-backend (pyproject.toml)
psycopg-binary==3.3.4
    # via psycopg
pydantic==2.13.4
    # via
    #   video-transcriber-backend (pyproject.toml)
    #   fastapi
pydantic-core==2.46.4
    # via pydantic
python-multipart==0.0.32
    # via video-transcriber-backend (pyproject.toml)
sqlalchemy==2.0.51
    # via
    #   video-transcriber-backend (pyproject.toml)
    #   alembic
starlette==1.3.1
    # via fastapi
typing-extensions==4.16.0
    # via
    #   alembic
    #   fastapi
    #   pydantic
    #   pydantic-core
    #   sqlalchemy
    #   typing-inspection
typing-inspection==0.4.2
    # via
    #   fastapi
    #   pydantic
uvicorn==0.52.0
    # via video-transcriber-backend (pyproject.toml)
yt-dlp==2026.7.4
    # via video-transcriber-backend (pyproject.toml)
